
Microsoft Visual Studio Solution File, Format Version 12.00
# Visual Studio Version 17
VisualStudioVersion = 17.11.35208.52
MinimumVisualStudioVersion = 10.0.40219.1
Project("{FAE04EC0-301F-11D3-BF4B-00C04F79EFBC}") = "El_que_sea", "El_que_sea\El_que_sea.csproj", "{4A5D9B1B-7EB5-4315-B6D0-AA236D4FDF1A}"
EndProject
Global
	GlobalSection(SolutionConfigurationPlatforms) = preSolution
		Debug|Any CPU = Debug|Any CPU
		Release|Any CPU = Release|Any CPU
	EndGlobalSection
	GlobalSection(ProjectConfigurationPlatforms) = postSolution
		{4A5D9B1B-7EB5-4315-B6D0-AA236D4FDF1A}.Debug|Any CPU.ActiveCfg = Debug|Any CPU
		{4A5D9B1B-7EB5-4315-B6D0-AA236D4FDF1A}.Debug|Any CPU.Build.0 = Debug|Any CPU
		{4A5D9B1B-7EB5-4315-B6D0-AA236D4FDF1A}.Release|Any CPU.ActiveCfg = Release|Any CPU
		{4A5D9B1B-7EB5-4315-B6D0-AA236D4FDF1A}.Release|Any CPU.Build.0 = Release|Any CPU
	EndGlobalSection
	GlobalSection(SolutionProperties) = preSolution
		HideSolutionNode = FALSE
	EndGlobalSection
	GlobalSection(ExtensibilityGlobals) = postSolution
		SolutionGuid = {B34DF66B-582B-4B27-B884-67157975DD40}
	EndGlobalSection
EndGlobal
