
Microsoft Visual Studio Solution File, Format Version 12.00
# Visual Studio Version 17
VisualStudioVersion = 17.11.35208.52
MinimumVisualStudioVersion = 10.0.40219.1
Project("{FAE04EC0-301F-11D3-BF4B-00C04F79EFBC}") = "Ejercicio 38 (4)", "Ejercicio 38 (4)\Ejercicio 38 (4).csproj", "{96DA7145-BBC8-4FE6-B4B0-B05AE61FC572}"
EndProject
Global
	GlobalSection(SolutionConfigurationPlatforms) = preSolution
		Debug|Any CPU = Debug|Any CPU
		Release|Any CPU = Release|Any CPU
	EndGlobalSection
	GlobalSection(ProjectConfigurationPlatforms) = postSolution
		{96DA7145-BBC8-4FE6-B4B0-B05AE61FC572}.Debug|Any CPU.ActiveCfg = Debug|Any CPU
		{96DA7145-BBC8-4FE6-B4B0-B05AE61FC572}.Debug|Any CPU.Build.0 = Debug|Any CPU
		{96DA7145-BBC8-4FE6-B4B0-B05AE61FC572}.Release|Any CPU.ActiveCfg = Release|Any CPU
		{96DA7145-BBC8-4FE6-B4B0-B05AE61FC572}.Release|Any CPU.Build.0 = Release|Any CPU
	EndGlobalSection
	GlobalSection(SolutionProperties) = preSolution
		HideSolutionNode = FALSE
	EndGlobalSection
	GlobalSection(ExtensibilityGlobals) = postSolution
		SolutionGuid = {DD57F9DF-743D-4B21-8964-C8A1F544EB38}
	EndGlobalSection
EndGlobal
