
Microsoft Visual Studio Solution File, Format Version 12.00
# Visual Studio Version 17
VisualStudioVersion = 17.11.35208.52
MinimumVisualStudioVersion = 10.0.40219.1
Project("{FAE04EC0-301F-11D3-BF4B-00C04F79EFBC}") = "Ejercicio13", "Ejercicio13\Ejercicio13.csproj", "{EBE0A05E-77BC-4FF0-B161-17C912A12F39}"
EndProject
Global
	GlobalSection(SolutionConfigurationPlatforms) = preSolution
		Debug|Any CPU = Debug|Any CPU
		Release|Any CPU = Release|Any CPU
	EndGlobalSection
	GlobalSection(ProjectConfigurationPlatforms) = postSolution
		{EBE0A05E-77BC-4FF0-B161-17C912A12F39}.Debug|Any CPU.ActiveCfg = Debug|Any CPU
		{EBE0A05E-77BC-4FF0-B161-17C912A12F39}.Debug|Any CPU.Build.0 = Debug|Any CPU
		{EBE0A05E-77BC-4FF0-B161-17C912A12F39}.Release|Any CPU.ActiveCfg = Release|Any CPU
		{EBE0A05E-77BC-4FF0-B161-17C912A12F39}.Release|Any CPU.Build.0 = Release|Any CPU
	EndGlobalSection
	GlobalSection(SolutionProperties) = preSolution
		HideSolutionNode = FALSE
	EndGlobalSection
	GlobalSection(ExtensibilityGlobals) = postSolution
		SolutionGuid = {63136182-C46B-4C89-BF96-91765CE3C354}
	EndGlobalSection
EndGlobal
