
Microsoft Visual Studio Solution File, Format Version 12.00
# Visual Studio Version 17
VisualStudioVersion = 17.11.35208.52
MinimumVisualStudioVersion = 10.0.40219.1
Project("{FAE04EC0-301F-11D3-BF4B-00C04F79EFBC}") = "Ejercicio 27 (7)", "Ejercicio 27 (7)\Ejercicio 27 (7).csproj", "{DFCB571A-9DA5-4B69-A11A-53B18CB029A2}"
EndProject
Global
	GlobalSection(SolutionConfigurationPlatforms) = preSolution
		Debug|Any CPU = Debug|Any CPU
		Release|Any CPU = Release|Any CPU
	EndGlobalSection
	GlobalSection(ProjectConfigurationPlatforms) = postSolution
		{DFCB571A-9DA5-4B69-A11A-53B18CB029A2}.Debug|Any CPU.ActiveCfg = Debug|Any CPU
		{DFCB571A-9DA5-4B69-A11A-53B18CB029A2}.Debug|Any CPU.Build.0 = Debug|Any CPU
		{DFCB571A-9DA5-4B69-A11A-53B18CB029A2}.Release|Any CPU.ActiveCfg = Release|Any CPU
		{DFCB571A-9DA5-4B69-A11A-53B18CB029A2}.Release|Any CPU.Build.0 = Release|Any CPU
	EndGlobalSection
	GlobalSection(SolutionProperties) = preSolution
		HideSolutionNode = FALSE
	EndGlobalSection
	GlobalSection(ExtensibilityGlobals) = postSolution
		SolutionGuid = {2246C3DD-60B4-4901-B5CE-A39E227BBEF7}
	EndGlobalSection
EndGlobal
