
Microsoft Visual Studio Solution File, Format Version 12.00
# Visual Studio Version 17
VisualStudioVersion = 17.11.35208.52
MinimumVisualStudioVersion = 10.0.40219.1
Project("{FAE04EC0-301F-11D3-BF4B-00C04F79EFBC}") = "Ejercicio 6 - Desafío 4", "Ejercicio 6 - Desafío 4\Ejercicio 6 - Desafío 4.csproj", "{12407565-3236-476F-8CBA-445E5911306D}"
EndProject
Global
	GlobalSection(SolutionConfigurationPlatforms) = preSolution
		Debug|Any CPU = Debug|Any CPU
		Release|Any CPU = Release|Any CPU
	EndGlobalSection
	GlobalSection(ProjectConfigurationPlatforms) = postSolution
		{12407565-3236-476F-8CBA-445E5911306D}.Debug|Any CPU.ActiveCfg = Debug|Any CPU
		{12407565-3236-476F-8CBA-445E5911306D}.Debug|Any CPU.Build.0 = Debug|Any CPU
		{12407565-3236-476F-8CBA-445E5911306D}.Release|Any CPU.ActiveCfg = Release|Any CPU
		{12407565-3236-476F-8CBA-445E5911306D}.Release|Any CPU.Build.0 = Release|Any CPU
	EndGlobalSection
	GlobalSection(SolutionProperties) = preSolution
		HideSolutionNode = FALSE
	EndGlobalSection
	GlobalSection(ExtensibilityGlobals) = postSolution
		SolutionGuid = {6469036D-3630-4462-A7BE-740FC98642B5}
	EndGlobalSection
EndGlobal
