
Microsoft Visual Studio Solution File, Format Version 12.00
# Visual Studio Version 17
VisualStudioVersion = 17.11.35208.52
MinimumVisualStudioVersion = 10.0.40219.1
Project("{FAE04EC0-301F-11D3-BF4B-00C04F79EFBC}") = "Ejercicio 34", "Ejercicio 34\Ejercicio 34.csproj", "{4DF542A8-427B-4508-9377-173E73F71526}"
EndProject
Global
	GlobalSection(SolutionConfigurationPlatforms) = preSolution
		Debug|Any CPU = Debug|Any CPU
		Release|Any CPU = Release|Any CPU
	EndGlobalSection
	GlobalSection(ProjectConfigurationPlatforms) = postSolution
		{4DF542A8-427B-4508-9377-173E73F71526}.Debug|Any CPU.ActiveCfg = Debug|Any CPU
		{4DF542A8-427B-4508-9377-173E73F71526}.Debug|Any CPU.Build.0 = Debug|Any CPU
		{4DF542A8-427B-4508-9377-173E73F71526}.Release|Any CPU.ActiveCfg = Release|Any CPU
		{4DF542A8-427B-4508-9377-173E73F71526}.Release|Any CPU.Build.0 = Release|Any CPU
	EndGlobalSection
	GlobalSection(SolutionProperties) = preSolution
		HideSolutionNode = FALSE
	EndGlobalSection
	GlobalSection(ExtensibilityGlobals) = postSolution
		SolutionGuid = {7C9F009F-1F8F-4E7D-B2CB-9696D3C381FE}
	EndGlobalSection
EndGlobal
