
Microsoft Visual Studio Solution File, Format Version 12.00
# Visual Studio Version 17
VisualStudioVersion = 17.11.35208.52
MinimumVisualStudioVersion = 10.0.40219.1
Project("{FAE04EC0-301F-11D3-BF4B-00C04F79EFBC}") = "Ejercicio3", "Ejercicio3\Ejercicio3.csproj", "{2236672E-FF78-40C7-B46A-1D4DFEC49640}"
EndProject
Global
	GlobalSection(SolutionConfigurationPlatforms) = preSolution
		Debug|Any CPU = Debug|Any CPU
		Release|Any CPU = Release|Any CPU
	EndGlobalSection
	GlobalSection(ProjectConfigurationPlatforms) = postSolution
		{2236672E-FF78-40C7-B46A-1D4DFEC49640}.Debug|Any CPU.ActiveCfg = Debug|Any CPU
		{2236672E-FF78-40C7-B46A-1D4DFEC49640}.Debug|Any CPU.Build.0 = Debug|Any CPU
		{2236672E-FF78-40C7-B46A-1D4DFEC49640}.Release|Any CPU.ActiveCfg = Release|Any CPU
		{2236672E-FF78-40C7-B46A-1D4DFEC49640}.Release|Any CPU.Build.0 = Release|Any CPU
	EndGlobalSection
	GlobalSection(SolutionProperties) = preSolution
		HideSolutionNode = FALSE
	EndGlobalSection
	GlobalSection(ExtensibilityGlobals) = postSolution
		SolutionGuid = {A33026F5-0F90-429C-9A6A-1F228444666C}
	EndGlobalSection
EndGlobal
