
Microsoft Visual Studio Solution File, Format Version 12.00
# Visual Studio Version 17
VisualStudioVersion = 17.11.35208.52
MinimumVisualStudioVersion = 10.0.40219.1
Project("{FAE04EC0-301F-11D3-BF4B-00C04F79EFBC}") = "Ejercicio5", "Ejercicio5\Ejercicio5.csproj", "{0061CB7B-67C7-4FAF-9F36-64ED3B18CC83}"
EndProject
Global
	GlobalSection(SolutionConfigurationPlatforms) = preSolution
		Debug|Any CPU = Debug|Any CPU
		Release|Any CPU = Release|Any CPU
	EndGlobalSection
	GlobalSection(ProjectConfigurationPlatforms) = postSolution
		{0061CB7B-67C7-4FAF-9F36-64ED3B18CC83}.Debug|Any CPU.ActiveCfg = Debug|Any CPU
		{0061CB7B-67C7-4FAF-9F36-64ED3B18CC83}.Debug|Any CPU.Build.0 = Debug|Any CPU
		{0061CB7B-67C7-4FAF-9F36-64ED3B18CC83}.Release|Any CPU.ActiveCfg = Release|Any CPU
		{0061CB7B-67C7-4FAF-9F36-64ED3B18CC83}.Release|Any CPU.Build.0 = Release|Any CPU
	EndGlobalSection
	GlobalSection(SolutionProperties) = preSolution
		HideSolutionNode = FALSE
	EndGlobalSection
	GlobalSection(ExtensibilityGlobals) = postSolution
		SolutionGuid = {451B71B0-532C-460B-85DB-66F0B8624A35}
	EndGlobalSection
EndGlobal
