
Microsoft Visual Studio Solution File, Format Version 12.00
# Visual Studio Version 17
VisualStudioVersion = 17.11.35208.52
MinimumVisualStudioVersion = 10.0.40219.1
Project("{FAE04EC0-301F-11D3-BF4B-00C04F79EFBC}") = "Ejercicio 7", "Ejercicio 7\Ejercicio 7.csproj", "{B4E75CB7-2008-42F5-BE9D-69FD9D2471C3}"
EndProject
Global
	GlobalSection(SolutionConfigurationPlatforms) = preSolution
		Debug|Any CPU = Debug|Any CPU
		Release|Any CPU = Release|Any CPU
	EndGlobalSection
	GlobalSection(ProjectConfigurationPlatforms) = postSolution
		{B4E75CB7-2008-42F5-BE9D-69FD9D2471C3}.Debug|Any CPU.ActiveCfg = Debug|Any CPU
		{B4E75CB7-2008-42F5-BE9D-69FD9D2471C3}.Debug|Any CPU.Build.0 = Debug|Any CPU
		{B4E75CB7-2008-42F5-BE9D-69FD9D2471C3}.Release|Any CPU.ActiveCfg = Release|Any CPU
		{B4E75CB7-2008-42F5-BE9D-69FD9D2471C3}.Release|Any CPU.Build.0 = Release|Any CPU
	EndGlobalSection
	GlobalSection(SolutionProperties) = preSolution
		HideSolutionNode = FALSE
	EndGlobalSection
	GlobalSection(ExtensibilityGlobals) = postSolution
		SolutionGuid = {AA9B7DB1-1A58-4B53-BE8B-B2048F285DC6}
	EndGlobalSection
EndGlobal
