
Microsoft Visual Studio Solution File, Format Version 12.00
# Visual Studio Version 17
VisualStudioVersion = 17.11.35208.52
MinimumVisualStudioVersion = 10.0.40219.1
Project("{FAE04EC0-301F-11D3-BF4B-00C04F79EFBC}") = "Ejercicio 42", "Ejercicio 42\Ejercicio 42.csproj", "{3A3C0C93-ADA1-4A04-AB29-661463D4723E}"
EndProject
Global
	GlobalSection(SolutionConfigurationPlatforms) = preSolution
		Debug|Any CPU = Debug|Any CPU
		Release|Any CPU = Release|Any CPU
	EndGlobalSection
	GlobalSection(ProjectConfigurationPlatforms) = postSolution
		{3A3C0C93-ADA1-4A04-AB29-661463D4723E}.Debug|Any CPU.ActiveCfg = Debug|Any CPU
		{3A3C0C93-ADA1-4A04-AB29-661463D4723E}.Debug|Any CPU.Build.0 = Debug|Any CPU
		{3A3C0C93-ADA1-4A04-AB29-661463D4723E}.Release|Any CPU.ActiveCfg = Release|Any CPU
		{3A3C0C93-ADA1-4A04-AB29-661463D4723E}.Release|Any CPU.Build.0 = Release|Any CPU
	EndGlobalSection
	GlobalSection(SolutionProperties) = preSolution
		HideSolutionNode = FALSE
	EndGlobalSection
	GlobalSection(ExtensibilityGlobals) = postSolution
		SolutionGuid = {5B46F631-93DC-4A09-A29F-EAF1EC5E9AB2}
	EndGlobalSection
EndGlobal
