
Microsoft Visual Studio Solution File, Format Version 12.00
# Visual Studio Version 17
VisualStudioVersion = 17.11.35208.52
MinimumVisualStudioVersion = 10.0.40219.1
Project("{FAE04EC0-301F-11D3-BF4B-00C04F79EFBC}") = "Ejercicio 39", "Ejercicio 39\Ejercicio 39.csproj", "{1912A009-44AA-4DF9-ADA5-580DCE3FE5E7}"
EndProject
Global
	GlobalSection(SolutionConfigurationPlatforms) = preSolution
		Debug|Any CPU = Debug|Any CPU
		Release|Any CPU = Release|Any CPU
	EndGlobalSection
	GlobalSection(ProjectConfigurationPlatforms) = postSolution
		{1912A009-44AA-4DF9-ADA5-580DCE3FE5E7}.Debug|Any CPU.ActiveCfg = Debug|Any CPU
		{1912A009-44AA-4DF9-ADA5-580DCE3FE5E7}.Debug|Any CPU.Build.0 = Debug|Any CPU
		{1912A009-44AA-4DF9-ADA5-580DCE3FE5E7}.Release|Any CPU.ActiveCfg = Release|Any CPU
		{1912A009-44AA-4DF9-ADA5-580DCE3FE5E7}.Release|Any CPU.Build.0 = Release|Any CPU
	EndGlobalSection
	GlobalSection(SolutionProperties) = preSolution
		HideSolutionNode = FALSE
	EndGlobalSection
	GlobalSection(ExtensibilityGlobals) = postSolution
		SolutionGuid = {B61BDEF6-6EC3-41E3-B61C-CC35D2FA6752}
	EndGlobalSection
EndGlobal
