
Microsoft Visual Studio Solution File, Format Version 12.00
# Visual Studio Version 17
VisualStudioVersion = 17.11.35208.52
MinimumVisualStudioVersion = 10.0.40219.1
Project("{FAE04EC0-301F-11D3-BF4B-00C04F79EFBC}") = "HeatherCobas prueba ténica_01", "HeatherCobas prueba ténica_01\HeatherCobas prueba ténica_01.csproj", "{CFA03459-20AE-476A-B9CA-D4D79AFE41DF}"
EndProject
Global
	GlobalSection(SolutionConfigurationPlatforms) = preSolution
		Debug|Any CPU = Debug|Any CPU
		Release|Any CPU = Release|Any CPU
	EndGlobalSection
	GlobalSection(ProjectConfigurationPlatforms) = postSolution
		{CFA03459-20AE-476A-B9CA-D4D79AFE41DF}.Debug|Any CPU.ActiveCfg = Debug|Any CPU
		{CFA03459-20AE-476A-B9CA-D4D79AFE41DF}.Debug|Any CPU.Build.0 = Debug|Any CPU
		{CFA03459-20AE-476A-B9CA-D4D79AFE41DF}.Release|Any CPU.ActiveCfg = Release|Any CPU
		{CFA03459-20AE-476A-B9CA-D4D79AFE41DF}.Release|Any CPU.Build.0 = Release|Any CPU
	EndGlobalSection
	GlobalSection(SolutionProperties) = preSolution
		HideSolutionNode = FALSE
	EndGlobalSection
	GlobalSection(ExtensibilityGlobals) = postSolution
		SolutionGuid = {708B0B21-E17A-43B6-A9EC-A7B6855F636B}
	EndGlobalSection
EndGlobal
