
Microsoft Visual Studio Solution File, Format Version 12.00
# Visual Studio Version 17
VisualStudioVersion = 17.11.35208.52
MinimumVisualStudioVersion = 10.0.40219.1
Project("{FAE04EC0-301F-11D3-BF4B-00C04F79EFBC}") = "Ejercicio 23 (3)", "Ejercicio 23 (3)\Ejercicio 23 (3).csproj", "{C0206F8F-D2E5-4D1B-BC3C-75700CA1DCAB}"
EndProject
Global
	GlobalSection(SolutionConfigurationPlatforms) = preSolution
		Debug|Any CPU = Debug|Any CPU
		Release|Any CPU = Release|Any CPU
	EndGlobalSection
	GlobalSection(ProjectConfigurationPlatforms) = postSolution
		{C0206F8F-D2E5-4D1B-BC3C-75700CA1DCAB}.Debug|Any CPU.ActiveCfg = Debug|Any CPU
		{C0206F8F-D2E5-4D1B-BC3C-75700CA1DCAB}.Debug|Any CPU.Build.0 = Debug|Any CPU
		{C0206F8F-D2E5-4D1B-BC3C-75700CA1DCAB}.Release|Any CPU.ActiveCfg = Release|Any CPU
		{C0206F8F-D2E5-4D1B-BC3C-75700CA1DCAB}.Release|Any CPU.Build.0 = Release|Any CPU
	EndGlobalSection
	GlobalSection(SolutionProperties) = preSolution
		HideSolutionNode = FALSE
	EndGlobalSection
	GlobalSection(ExtensibilityGlobals) = postSolution
		SolutionGuid = {68F49FD7-329F-4F65-863B-5B3DAF4F7A5E}
	EndGlobalSection
EndGlobal
