
Microsoft Visual Studio Solution File, Format Version 12.00
# Visual Studio Version 17
VisualStudioVersion = 17.11.35208.52
MinimumVisualStudioVersion = 10.0.40219.1
Project("{FAE04EC0-301F-11D3-BF4B-00C04F79EFBC}") = "Ejercicio 1", "Ejercicio 1\Ejercicio 1.csproj", "{F51FBC8D-A2DE-41E1-9678-54D840915A7D}"
EndProject
Global
	GlobalSection(SolutionConfigurationPlatforms) = preSolution
		Debug|Any CPU = Debug|Any CPU
		Release|Any CPU = Release|Any CPU
	EndGlobalSection
	GlobalSection(ProjectConfigurationPlatforms) = postSolution
		{F51FBC8D-A2DE-41E1-9678-54D840915A7D}.Debug|Any CPU.ActiveCfg = Debug|Any CPU
		{F51FBC8D-A2DE-41E1-9678-54D840915A7D}.Debug|Any CPU.Build.0 = Debug|Any CPU
		{F51FBC8D-A2DE-41E1-9678-54D840915A7D}.Release|Any CPU.ActiveCfg = Release|Any CPU
		{F51FBC8D-A2DE-41E1-9678-54D840915A7D}.Release|Any CPU.Build.0 = Release|Any CPU
	EndGlobalSection
	GlobalSection(SolutionProperties) = preSolution
		HideSolutionNode = FALSE
	EndGlobalSection
	GlobalSection(ExtensibilityGlobals) = postSolution
		SolutionGuid = {02857903-DE3B-4DC3-AB97-CA866C9666A9}
	EndGlobalSection
EndGlobal
